github.com/LuanTruongPTIT/go-food/internal v0.0.0-20240905044923-e7d2cddc4240 h1:TvQxybFxn9QrcNa9mRs9uWd+2KX8yDacnw9I3s6AQPU=
github.com/LuanTruongPTIT/go-food/internal v0.0.0-20240905044923-e7d2cddc4240/go.mod h1:mBLgMRQAt0t8g5EuvZfm4GYU1/mWkswyblhEQy52Nh0=
github.com/LuanTruongPTIT/go-food/internal v0.0.0-20240907155426-78015824fdcc h1:5NIsSkvPPy5bL50/NeosQiPLeSqs4X6DPY1Rw8mEWtQ=
github.com/LuanTruongPTIT/go-food/internal v0.0.0-20240907155426-78015824fdcc/go.mod h1:mBLgMRQAt0t8g5EuvZfm4GYU1/mWkswyblhEQy52Nh0=
github.com/LuanTruongPTIT/go-slack/pkg-chi v0.0.0-20240908042801-cca77334c098 h1:Ek+WmaqBae0jscme/zPLqCg9dHBjvZZ8pZhTYxkW1ho=
github.com/LuanTruongPTIT/go-slack/pkg-chi v0.0.0-20240908042801-cca77334c098/go.mod h1:xQQ6+47ajLFIvkI1nqtY1OkPbmuNg53okJVBemppPFE=
github.com/LuanTruongPTIT/pkg-chi v0.0.0-20240908050045-9a4983636ff9 h1:jr25dBFuH6waAy9yhHqQ15tHkFcCCG757eLUNQpK6IU=
github.com/LuanTruongPTIT/pkg-chi v0.0.0-20240908050045-9a4983636ff9/go.mod h1:FC/YukeSMFlo6ZrAlZARcRXKhjXUo93n3JlL1/+clyI=
github.com/go-chi/chi/v5 v5.1.0 h1:acVI1TYaD+hhedDJ3r54HyA6sExp3HfXq7QWEEY/xMw=
github.com/go-chi/chi/v5 v5.1.0/go.mod h1:DslCQbL2OYiznFReuXYUmQ2hGd1aDpCnlMNITLSKoi8=
github.com/go-logr/logr v1.2.2/go.mod h1:jdQByPbusPIv2/zmleS9BjJVeZ6kBagPoEUsqbVz/1A=
github.com/go-logr/logr v1.4.2 h1:6pFjapn8bFcIbiKo3XT4j/BhANplGihG6tvd+8rYgrY=
github.com/go-logr/logr v1.4.2/go.mod h1:9T104GzyrTigFIr8wt5mBrctHMim0Nb2HLGrmQ40KvY=
github.com/go-logr/stdr v1.2.2 h1:hSWxHoqTgW2S2qGc0LTAI563KZ5YKYRhT3MFKZMbjag=
github.com/go-logr/stdr v1.2.2/go.mod h1:mMo/vtBO5dYbehREoey6XUKy/eSumjCCveDpRre4VKE=
github.com/google/uuid v1.6.0 h1:NIvaJDMOsjHA8n1jAhLSgzrAzy1Hgr+hNrb57e+94F0=
github.com/google/uuid v1.6.0/go.mod h1:TIyPZe4MgqvfeYDBFedMoGGpEw/LqOeaOT+nhxU+yHo=
github.com/joho/godotenv v1.5.1 h1:7eLL/+HRGLY0ldzfGMeQkb7vMd0as4CfYvUVzLqw0N0=
github.com/joho/godotenv v1.5.1/go.mod h1:f4LDr5Voq0i2e/R5DDNOoa2zzDfwtkZa6DnEwAbqwq4=
go.opentelemetry.io/otel v1.29.0 h1:PdomN/Al4q/lN6iBJEN3AwPvUiHPMlt93c8bqTG5Llw=
go.opentelemetry.io/otel v1.29.0/go.mod h1:N/WtXPs1CNCUEx+Agz5uouwCba+i+bJGFicT8SR4NP8=
go.opentelemetry.io/otel/metric v1.29.0 h1:vPf/HFWTNkPu1aYeIsc98l4ktOQaL6LeSoeV2g+8YLc=
go.opentelemetry.io/otel/metric v1.29.0/go.mod h1:auu/QWieFVWx+DmQOUMgj0F8LHWdgalxXqvp7BII/W8=
go.opentelemetry.io/otel/sdk v1.29.0 h1:vkqKjk7gwhS8VaWb0POZKmIEDimRCMsopNYnriHyryo=
go.opentelemetry.io/otel/sdk v1.29.0/go.mod h1:pM8Dx5WKnvxLCb+8lG1PRNIDxu9g9b9g59Qr7hfAAok=
go.opentelemetry.io/otel/sdk/metric v1.29.0 h1:K2CfmJohnRgvZ9UAj2/FhIf/okdWcNdBwe1m8xFXiSY=
go.opentelemetry.io/otel/sdk/metric v1.29.0/go.mod h1:6zZLdCl2fkauYoZIOn/soQIDSWFmNSRcICarHfuhNJQ=
go.opentelemetry.io/otel/trace v1.29.0 h1:J/8ZNK4XgR7a21DZUAsbF8pZ5Jcw1VhACmnYt39JTi4=
go.opentelemetry.io/otel/trace v1.29.0/go.mod h1:eHl3w0sp3paPkYstJOmAimxhiFXPg+MMTlEh3nsQgWQ=
golang.org/x/sys v0.24.0 h1:Twjiwq9dn6R1fQcyiK+wQyHWfaz/BJB+YIpzU/Cv3Xg=
golang.org/x/sys v0.24.0/go.mod h1:/VUhepiaJMQUp4+oa/7Zr1D23ma6VTLIYjOOTFZPUcA=
